github.com/billgraziano/dpapi v0.4.0 h1:t39THI1Ld1hkkLVrhkOX6u5TUxwzRddOffq4jcwh2AE=
github.com/billgraziano/dpapi v0.4.0/go.mod h1:gi1Lin0jvovT53j0EXITkY6UPb3hTfI92POaZgj9JBA=
github.com/dustin/go-humanize v1.0.0/go.mod h1:HtrtbFcZ19U5GC7JDqmcUSB87Iq5E25KnS6fMYU6eOk=
github.com/mattn/go-sqlite3 v1.14.16 h1:yOQRA0RpS5PFz/oikGwBEqvAWhWg5ufRz4ETLjwpU1Y=
github.com/mattn/go-sqlite3 v1.14.16/go.mod h1:2eHXhiwb8IkHr+BDWZGa96P6+rkvnG63S2DGjv9HUNg=
github.com/pkg/errors v0.9.1 h1:FEBLx1zS214owpjy7qsBeixbURkuhQAwrK5UwLGTwt4=
github.com/pkg/errors v0.9.1/go.mod h1:bwawxfHBFNV+L2hUp1rHADufV3IMtnDRdf1r5NINEl0=
github.com/zavla/dpapi v1.0.0 h1:jOT8Joy8X+6QhoVap6GbTuJXSop4HQQ1euUNhUXGRZM=
github.com/zavla/dpapi v1.0.0/go.mod h1:g1TgOYNfVR+GnPwrxqgQZDlcHMrJfmkBwsL4GscIW+Q=
golang.org/x/sys v0.0.0-20200828161417-c663848e9a16 h1:54u1berWyLujz9htI1BHtZpcCEYaYNUSDFLXMNDd7To=
golang.org/x/sys v0.0.0-20200828161417-c663848e9a16/go.mod h1:h1NjWce9XRLGQEsW7wpKNCjG9DtNlClVuFLEZdDNbEs=
